
Microsoft Visual Studio Solution File, Format Version 12.00
# Visual Studio Version 16
VisualStudioVersion = 16.0.30907.101
MinimumVisualStudioVersion = 10.0.40219.1
Project("{FAE04EC0-301F-11D3-BF4B-00C04F79EFBC}") = "InfoTrackProject", "InfoTrackProject\InfoTrackProject.csproj", "{5816A23F-D398-4304-BE52-65D5E35E90A5}"
EndProject
Global
	GlobalSection(SolutionConfigurationPlatforms) = preSolution
		Debug|Any CPU = Debug|Any CPU
		Release|Any CPU = Release|Any CPU
	EndGlobalSection
	GlobalSection(ProjectConfigurationPlatforms) = postSolution
		{5816A23F-D398-4304-BE52-65D5E35E90A5}.Debug|Any CPU.ActiveCfg = Debug|Any CPU
		{5816A23F-D398-4304-BE52-65D5E35E90A5}.Debug|Any CPU.Build.0 = Debug|Any CPU
		{5816A23F-D398-4304-BE52-65D5E35E90A5}.Release|Any CPU.ActiveCfg = Release|Any CPU
		{5816A23F-D398-4304-BE52-65D5E35E90A5}.Release|Any CPU.Build.0 = Release|Any CPU
	EndGlobalSection
	GlobalSection(SolutionProperties) = preSolution
		HideSolutionNode = FALSE
	EndGlobalSection
	GlobalSection(ExtensibilityGlobals) = postSolution
		SolutionGuid = {FED70674-08CC-4943-B3B4-1C34874D1A11}
	EndGlobalSection
EndGlobal
